
Microsoft Visual Studio Solution File, Format Version 12.00
# Visual Studio Version 17
VisualStudioVersion = 17.3.32819.101
MinimumVisualStudioVersion = 10.0.40219.1
Project("{FAE04EC0-301F-11D3-BF4B-00C04F79EFBC}") = "BuDiTest", "BuDiTest\BuDiTest.csproj", "{A119D882-1890-4BB9-BB58-5A8C8931393A}"
EndProject
Global
	GlobalSection(SolutionConfigurationPlatforms) = preSolution
		Debug|Any CPU = Debug|Any CPU
		Release|Any CPU = Release|Any CPU
	EndGlobalSection
	GlobalSection(ProjectConfigurationPlatforms) = postSolution
		{A119D882-1890-4BB9-BB58-5A8C8931393A}.Debug|Any CPU.ActiveCfg = Debug|Any CPU
		{A119D882-1890-4BB9-BB58-5A8C8931393A}.Debug|Any CPU.Build.0 = Debug|Any CPU
		{A119D882-1890-4BB9-BB58-5A8C8931393A}.Release|Any CPU.ActiveCfg = Release|Any CPU
		{A119D882-1890-4BB9-BB58-5A8C8931393A}.Release|Any CPU.Build.0 = Release|Any CPU
	EndGlobalSection
	GlobalSection(SolutionProperties) = preSolution
		HideSolutionNode = FALSE
	EndGlobalSection
	GlobalSection(ExtensibilityGlobals) = postSolution
		SolutionGuid = {69575A28-8B48-43A0-9144-50A07EDED5FB}
	EndGlobalSection
EndGlobal
